
Microsoft Visual Studio Solution File, Format Version 12.00
# Visual Studio Version 16
VisualStudioVersion = 16.0.30611.23
MinimumVisualStudioVersion = 10.0.40219.1
Project("{FAE04EC0-301F-11D3-BF4B-00C04F79EFBC}") = "ServerCodeMtk-P2-028", "ServerCodeMtk-P2-028\ServerCodeMtk-P2-028.csproj", "{CDEA923B-6FE9-4ABD-BC85-F4DA4A1BB909}"
EndProject
Global
	GlobalSection(SolutionConfigurationPlatforms) = preSolution
		Debug|Any CPU = Debug|Any CPU
		Release|Any CPU = Release|Any CPU
	EndGlobalSection
	GlobalSection(ProjectConfigurationPlatforms) = postSolution
		{CDEA923B-6FE9-4ABD-BC85-F4DA4A1BB909}.Debug|Any CPU.ActiveCfg = Debug|Any CPU
		{CDEA923B-6FE9-4ABD-BC85-F4DA4A1BB909}.Debug|Any CPU.Build.0 = Debug|Any CPU
		{CDEA923B-6FE9-4ABD-BC85-F4DA4A1BB909}.Release|Any CPU.ActiveCfg = Release|Any CPU
		{CDEA923B-6FE9-4ABD-BC85-F4DA4A1BB909}.Release|Any CPU.Build.0 = Release|Any CPU
	EndGlobalSection
	GlobalSection(SolutionProperties) = preSolution
		HideSolutionNode = FALSE
	EndGlobalSection
	GlobalSection(ExtensibilityGlobals) = postSolution
		SolutionGuid = {768B83FC-DFF5-4370-B10F-572B4479CDAA}
	EndGlobalSection
EndGlobal
